
Microsoft Visual Studio Solution File, Format Version 12.00
Project("{2150E333-8FDC-42A3-9474-1A3956D46DE8}") = "src", "src", "{A3171734-EFA6-419F-94D1-C5FC42A67317}"
EndProject
Project("{FAE04EC0-301F-11D3-BF4B-00C04F79EFBC}") = "Company.ProductService", "src\Company.ProductService\Company.ProductService.csproj", "{43C5AB41-A3F9-4A84-9496-A19B892978A8}"
EndProject
Project("{FAE04EC0-301F-11D3-BF4B-00C04F79EFBC}") = "Company.Shared.ProductService", "src\Company.Shared.ProductService\Company.Shared.ProductService.csproj", "{AF6907B9-4A6F-47C6-BA25-E13CA9525370}"
EndProject
Project("{FAE04EC0-301F-11D3-BF4B-00C04F79EFBC}") = "Company.ApiGateway", "src\Company.ApiGateway\Company.ApiGateway.csproj", "{5CB7F8A7-A1D7-48B8-88D2-289A54281DA0}"
EndProject
Project("{FAE04EC0-301F-11D3-BF4B-00C04F79EFBC}") = "Company.Shared", "src\Company.Shared\Company.Shared.csproj", "{D72B2025-8BD5-43C7-9B57-6ADFF0113BAB}"
EndProject
Project("{2150E333-8FDC-42A3-9474-1A3956D46DE8}") = "Solution Items", "Solution Items", "{98052062-06EB-4B81-8103-831E1B0E352A}"
	ProjectSection(SolutionItems) = preProject
		docker-compose.yml = docker-compose.yml
	EndProjectSection
EndProject
Project("{2150E333-8FDC-42A3-9474-1A3956D46DE8}") = "docs", "docs", "{E8F4A2B1-3C5D-4E6F-9A0B-1C2D3E4F5A6B}"
	ProjectSection(SolutionItems) = preProject
		README.md = README.md
	EndProjectSection
EndProject
Project("{2150E333-8FDC-42A3-9474-1A3956D46DE8}") = "features", "features", "{F9A5B3C2-4D6E-5F7A-0B1C-2D3E4F5A6B7C}"
	ProjectSection(SolutionItems) = preProject
		docs\features\yarp-composite-gateway.md = docs\features\yarp-composite-gateway.md
	EndProjectSection
EndProject
Project("{2150E333-8FDC-42A3-9474-1A3956D46DE8}") = "infra", "infra", "{1A2B3C4D-5E6F-7890-ABCD-EF1234567890}"
EndProject
Project("{2150E333-8FDC-42A3-9474-1A3956D46DE8}") = "prometheus", "prometheus", "{2B3C4D5E-6F70-8901-BCDE-F12345678901}"
	ProjectSection(SolutionItems) = preProject
		infra\prometheus\prometheus.yml = infra\prometheus\prometheus.yml
	EndProjectSection
EndProject
Project("{2150E333-8FDC-42A3-9474-1A3956D46DE8}") = "targets", "targets", "{3C4D5E6F-7081-9012-CDEF-123456789012}"
	ProjectSection(SolutionItems) = preProject
		infra\prometheus\targets\services.json = infra\prometheus\targets\services.json
	EndProjectSection
EndProject
Project("{2150E333-8FDC-42A3-9474-1A3956D46DE8}") = "grafana", "grafana", "{4D5E6F70-8192-0123-DEF0-234567890123}"
EndProject
Project("{2150E333-8FDC-42A3-9474-1A3956D46DE8}") = "provisioning", "provisioning", "{5E6F7081-92A3-1234-EF01-345678901234}"
EndProject
Project("{2150E333-8FDC-42A3-9474-1A3956D46DE8}") = "datasources", "datasources", "{6F708192-A3B4-2345-F012-456789012345}"
	ProjectSection(SolutionItems) = preProject
		infra\grafana\provisioning\datasources\datasource.yml = infra\grafana\provisioning\datasources\datasource.yml
	EndProjectSection
EndProject
Project("{FAE04EC0-301F-11D3-BF4B-00C04F79EFBC}") = "Company.NotificationService", "src\Company.NotificationService\Company.NotificationService.csproj", "{B2E88709-9A4A-43BB-8E15-979F2E2B13AE}"
EndProject
Project("{FAE04EC0-301F-11D3-BF4B-00C04F79EFBC}") = "Company.CartService", "src\Company.CartService\Company.CartService.csproj", "{A7B8C9D0-E1F2-3456-789A-BCDEF0123456}"
EndProject
Project("{2150E333-8FDC-42A3-9474-1A3956D46DE8}") = "rules", "rules", "{90E4DA20-497D-4360-B7D3-E73F176FBC05}"
	ProjectSection(SolutionItems) = preProject
		.cursor\rules.mdc = .cursor\rules.mdc
		src\Company.Shared\.cursor\csharp-dotnet-rules.mdc = src\Company.Shared\.cursor\csharp-dotnet-rules.mdc
		src\Company.Shared\.cursor\microservices.mdc = src\Company.Shared\.cursor\microservices.mdc
	EndProjectSection
EndProject
Project("{2150E333-8FDC-42A3-9474-1A3956D46DE8}") = "tests", "tests", "{0AB3BF05-4346-4AA6-1389-037BE0695223}"
EndProject
Project("{FAE04EC0-301F-11D3-BF4B-00C04F79EFBC}") = "Company.HttpTests", "tests\Company.HttpTests\Company.HttpTests.csproj", "{744BC2B6-35CA-4CA0-BE15-D6F1E3E9A727}"
EndProject
Global
	GlobalSection(SolutionConfigurationPlatforms) = preSolution
		Debug|Any CPU = Debug|Any CPU
		Debug|x64 = Debug|x64
		Debug|x86 = Debug|x86
		Release|Any CPU = Release|Any CPU
		Release|x64 = Release|x64
		Release|x86 = Release|x86
	EndGlobalSection
	GlobalSection(ProjectConfigurationPlatforms) = postSolution
		{43C5AB41-A3F9-4A84-9496-A19B892978A8}.Debug|Any CPU.ActiveCfg = Debug|Any CPU
		{43C5AB41-A3F9-4A84-9496-A19B892978A8}.Debug|Any CPU.Build.0 = Debug|Any CPU
		{43C5AB41-A3F9-4A84-9496-A19B892978A8}.Debug|x64.ActiveCfg = Debug|Any CPU
		{43C5AB41-A3F9-4A84-9496-A19B892978A8}.Debug|x64.Build.0 = Debug|Any CPU
		{43C5AB41-A3F9-4A84-9496-A19B892978A8}.Debug|x86.ActiveCfg = Debug|Any CPU
		{43C5AB41-A3F9-4A84-9496-A19B892978A8}.Debug|x86.Build.0 = Debug|Any CPU
		{43C5AB41-A3F9-4A84-9496-A19B892978A8}.Release|Any CPU.ActiveCfg = Release|Any CPU
		{43C5AB41-A3F9-4A84-9496-A19B892978A8}.Release|Any CPU.Build.0 = Release|Any CPU
		{43C5AB41-A3F9-4A84-9496-A19B892978A8}.Release|x64.ActiveCfg = Release|Any CPU
		{43C5AB41-A3F9-4A84-9496-A19B892978A8}.Release|x64.Build.0 = Release|Any CPU
		{43C5AB41-A3F9-4A84-9496-A19B892978A8}.Release|x86.ActiveCfg = Release|Any CPU
		{43C5AB41-A3F9-4A84-9496-A19B892978A8}.Release|x86.Build.0 = Release|Any CPU
		{AF6907B9-4A6F-47C6-BA25-E13CA9525370}.Debug|Any CPU.ActiveCfg = Debug|Any CPU
		{AF6907B9-4A6F-47C6-BA25-E13CA9525370}.Debug|Any CPU.Build.0 = Debug|Any CPU
		{AF6907B9-4A6F-47C6-BA25-E13CA9525370}.Debug|x64.ActiveCfg = Debug|Any CPU
		{AF6907B9-4A6F-47C6-BA25-E13CA9525370}.Debug|x64.Build.0 = Debug|Any CPU
		{AF6907B9-4A6F-47C6-BA25-E13CA9525370}.Debug|x86.ActiveCfg = Debug|Any CPU
		{AF6907B9-4A6F-47C6-BA25-E13CA9525370}.Debug|x86.Build.0 = Debug|Any CPU
		{AF6907B9-4A6F-47C6-BA25-E13CA9525370}.Release|Any CPU.ActiveCfg = Release|Any CPU
		{AF6907B9-4A6F-47C6-BA25-E13CA9525370}.Release|Any CPU.Build.0 = Release|Any CPU
		{AF6907B9-4A6F-47C6-BA25-E13CA9525370}.Release|x64.ActiveCfg = Release|Any CPU
		{AF6907B9-4A6F-47C6-BA25-E13CA9525370}.Release|x64.Build.0 = Release|Any CPU
		{AF6907B9-4A6F-47C6-BA25-E13CA9525370}.Release|x86.ActiveCfg = Release|Any CPU
		{AF6907B9-4A6F-47C6-BA25-E13CA9525370}.Release|x86.Build.0 = Release|Any CPU
		{5CB7F8A7-A1D7-48B8-88D2-289A54281DA0}.Debug|Any CPU.ActiveCfg = Debug|Any CPU
		{5CB7F8A7-A1D7-48B8-88D2-289A54281DA0}.Debug|Any CPU.Build.0 = Debug|Any CPU
		{5CB7F8A7-A1D7-48B8-88D2-289A54281DA0}.Debug|x64.ActiveCfg = Debug|Any CPU
		{5CB7F8A7-A1D7-48B8-88D2-289A54281DA0}.Debug|x64.Build.0 = Debug|Any CPU
		{5CB7F8A7-A1D7-48B8-88D2-289A54281DA0}.Debug|x86.ActiveCfg = Debug|Any CPU
		{5CB7F8A7-A1D7-48B8-88D2-289A54281DA0}.Debug|x86.Build.0 = Debug|Any CPU
		{5CB7F8A7-A1D7-48B8-88D2-289A54281DA0}.Release|Any CPU.ActiveCfg = Release|Any CPU
		{5CB7F8A7-A1D7-48B8-88D2-289A54281DA0}.Release|Any CPU.Build.0 = Release|Any CPU
		{5CB7F8A7-A1D7-48B8-88D2-289A54281DA0}.Release|x64.ActiveCfg = Release|Any CPU
		{5CB7F8A7-A1D7-48B8-88D2-289A54281DA0}.Release|x64.Build.0 = Release|Any CPU
		{5CB7F8A7-A1D7-48B8-88D2-289A54281DA0}.Release|x86.ActiveCfg = Release|Any CPU
		{5CB7F8A7-A1D7-48B8-88D2-289A54281DA0}.Release|x86.Build.0 = Release|Any CPU
		{D72B2025-8BD5-43C7-9B57-6ADFF0113BAB}.Debug|Any CPU.ActiveCfg = Debug|Any CPU
		{D72B2025-8BD5-43C7-9B57-6ADFF0113BAB}.Debug|Any CPU.Build.0 = Debug|Any CPU
		{D72B2025-8BD5-43C7-9B57-6ADFF0113BAB}.Debug|x64.ActiveCfg = Debug|Any CPU
		{D72B2025-8BD5-43C7-9B57-6ADFF0113BAB}.Debug|x64.Build.0 = Debug|Any CPU
		{D72B2025-8BD5-43C7-9B57-6ADFF0113BAB}.Debug|x86.ActiveCfg = Debug|Any CPU
		{D72B2025-8BD5-43C7-9B57-6ADFF0113BAB}.Debug|x86.Build.0 = Debug|Any CPU
		{D72B2025-8BD5-43C7-9B57-6ADFF0113BAB}.Release|Any CPU.ActiveCfg = Release|Any CPU
		{D72B2025-8BD5-43C7-9B57-6ADFF0113BAB}.Release|Any CPU.Build.0 = Release|Any CPU
		{D72B2025-8BD5-43C7-9B57-6ADFF0113BAB}.Release|x64.ActiveCfg = Release|Any CPU
		{D72B2025-8BD5-43C7-9B57-6ADFF0113BAB}.Release|x64.Build.0 = Release|Any CPU
		{D72B2025-8BD5-43C7-9B57-6ADFF0113BAB}.Release|x86.ActiveCfg = Release|Any CPU
		{D72B2025-8BD5-43C7-9B57-6ADFF0113BAB}.Release|x86.Build.0 = Release|Any CPU
		{B2E88709-9A4A-43BB-8E15-979F2E2B13AE}.Debug|Any CPU.ActiveCfg = Debug|Any CPU
		{B2E88709-9A4A-43BB-8E15-979F2E2B13AE}.Debug|Any CPU.Build.0 = Debug|Any CPU
		{B2E88709-9A4A-43BB-8E15-979F2E2B13AE}.Debug|x64.ActiveCfg = Debug|Any CPU
		{B2E88709-9A4A-43BB-8E15-979F2E2B13AE}.Debug|x64.Build.0 = Debug|Any CPU
		{B2E88709-9A4A-43BB-8E15-979F2E2B13AE}.Debug|x86.ActiveCfg = Debug|Any CPU
		{B2E88709-9A4A-43BB-8E15-979F2E2B13AE}.Debug|x86.Build.0 = Debug|Any CPU
		{B2E88709-9A4A-43BB-8E15-979F2E2B13AE}.Release|Any CPU.ActiveCfg = Release|Any CPU
		{B2E88709-9A4A-43BB-8E15-979F2E2B13AE}.Release|Any CPU.Build.0 = Release|Any CPU
		{B2E88709-9A4A-43BB-8E15-979F2E2B13AE}.Release|x64.ActiveCfg = Release|Any CPU
		{B2E88709-9A4A-43BB-8E15-979F2E2B13AE}.Release|x64.Build.0 = Release|Any CPU
		{B2E88709-9A4A-43BB-8E15-979F2E2B13AE}.Release|x86.ActiveCfg = Release|Any CPU
		{B2E88709-9A4A-43BB-8E15-979F2E2B13AE}.Release|x86.Build.0 = Release|Any CPU
		{A7B8C9D0-E1F2-3456-789A-BCDEF0123456}.Debug|Any CPU.ActiveCfg = Debug|Any CPU
		{A7B8C9D0-E1F2-3456-789A-BCDEF0123456}.Debug|Any CPU.Build.0 = Debug|Any CPU
		{A7B8C9D0-E1F2-3456-789A-BCDEF0123456}.Debug|x64.ActiveCfg = Debug|Any CPU
		{A7B8C9D0-E1F2-3456-789A-BCDEF0123456}.Debug|x64.Build.0 = Debug|Any CPU
		{A7B8C9D0-E1F2-3456-789A-BCDEF0123456}.Debug|x86.ActiveCfg = Debug|Any CPU
		{A7B8C9D0-E1F2-3456-789A-BCDEF0123456}.Debug|x86.Build.0 = Debug|Any CPU
		{A7B8C9D0-E1F2-3456-789A-BCDEF0123456}.Release|Any CPU.ActiveCfg = Release|Any CPU
		{A7B8C9D0-E1F2-3456-789A-BCDEF0123456}.Release|Any CPU.Build.0 = Release|Any CPU
		{A7B8C9D0-E1F2-3456-789A-BCDEF0123456}.Release|x64.ActiveCfg = Release|Any CPU
		{A7B8C9D0-E1F2-3456-789A-BCDEF0123456}.Release|x64.Build.0 = Release|Any CPU
		{A7B8C9D0-E1F2-3456-789A-BCDEF0123456}.Release|x86.ActiveCfg = Release|Any CPU
		{A7B8C9D0-E1F2-3456-789A-BCDEF0123456}.Release|x86.Build.0 = Release|Any CPU
		{744BC2B6-35CA-4CA0-BE15-D6F1E3E9A727}.Debug|Any CPU.ActiveCfg = Debug|Any CPU
		{744BC2B6-35CA-4CA0-BE15-D6F1E3E9A727}.Debug|Any CPU.Build.0 = Debug|Any CPU
		{744BC2B6-35CA-4CA0-BE15-D6F1E3E9A727}.Debug|x64.ActiveCfg = Debug|Any CPU
		{744BC2B6-35CA-4CA0-BE15-D6F1E3E9A727}.Debug|x64.Build.0 = Debug|Any CPU
		{744BC2B6-35CA-4CA0-BE15-D6F1E3E9A727}.Debug|x86.ActiveCfg = Debug|Any CPU
		{744BC2B6-35CA-4CA0-BE15-D6F1E3E9A727}.Debug|x86.Build.0 = Debug|Any CPU
		{744BC2B6-35CA-4CA0-BE15-D6F1E3E9A727}.Release|Any CPU.ActiveCfg = Release|Any CPU
		{744BC2B6-35CA-4CA0-BE15-D6F1E3E9A727}.Release|Any CPU.Build.0 = Release|Any CPU
		{744BC2B6-35CA-4CA0-BE15-D6F1E3E9A727}.Release|x64.ActiveCfg = Release|Any CPU
		{744BC2B6-35CA-4CA0-BE15-D6F1E3E9A727}.Release|x64.Build.0 = Release|Any CPU
		{744BC2B6-35CA-4CA0-BE15-D6F1E3E9A727}.Release|x86.ActiveCfg = Release|Any CPU
		{744BC2B6-35CA-4CA0-BE15-D6F1E3E9A727}.Release|x86.Build.0 = Release|Any CPU
	EndGlobalSection
	GlobalSection(SolutionProperties) = preSolution
		HideSolutionNode = FALSE
	EndGlobalSection
	GlobalSection(NestedProjects) = preSolution
		{43C5AB41-A3F9-4A84-9496-A19B892978A8} = {A3171734-EFA6-419F-94D1-C5FC42A67317}
		{AF6907B9-4A6F-47C6-BA25-E13CA9525370} = {A3171734-EFA6-419F-94D1-C5FC42A67317}
		{5CB7F8A7-A1D7-48B8-88D2-289A54281DA0} = {A3171734-EFA6-419F-94D1-C5FC42A67317}
		{D72B2025-8BD5-43C7-9B57-6ADFF0113BAB} = {A3171734-EFA6-419F-94D1-C5FC42A67317}
		{E8F4A2B1-3C5D-4E6F-9A0B-1C2D3E4F5A6B} = {98052062-06EB-4B81-8103-831E1B0E352A}
		{F9A5B3C2-4D6E-5F7A-0B1C-2D3E4F5A6B7C} = {E8F4A2B1-3C5D-4E6F-9A0B-1C2D3E4F5A6B}
		{1A2B3C4D-5E6F-7890-ABCD-EF1234567890} = {98052062-06EB-4B81-8103-831E1B0E352A}
		{2B3C4D5E-6F70-8901-BCDE-F12345678901} = {1A2B3C4D-5E6F-7890-ABCD-EF1234567890}
		{3C4D5E6F-7081-9012-CDEF-123456789012} = {2B3C4D5E-6F70-8901-BCDE-F12345678901}
		{4D5E6F70-8192-0123-DEF0-234567890123} = {1A2B3C4D-5E6F-7890-ABCD-EF1234567890}
		{5E6F7081-92A3-1234-EF01-345678901234} = {4D5E6F70-8192-0123-DEF0-234567890123}
		{6F708192-A3B4-2345-F012-456789012345} = {5E6F7081-92A3-1234-EF01-345678901234}
		{B2E88709-9A4A-43BB-8E15-979F2E2B13AE} = {A3171734-EFA6-419F-94D1-C5FC42A67317}
		{A7B8C9D0-E1F2-3456-789A-BCDEF0123456} = {A3171734-EFA6-419F-94D1-C5FC42A67317}
		{90E4DA20-497D-4360-B7D3-E73F176FBC05} = {E8F4A2B1-3C5D-4E6F-9A0B-1C2D3E4F5A6B}
		{744BC2B6-35CA-4CA0-BE15-D6F1E3E9A727} = {0AB3BF05-4346-4AA6-1389-037BE0695223}
	EndGlobalSection
EndGlobal
